PODS:
  - boost (1.76.0)
  - CocoaAsyncSocket (7.6.5)
  - DoubleConversion (1.1.6)
  - FBLazyVector (0.68.4)
  - FBReactNativeSpec (0.68.4):
    - RCT-Folly (= 2021.06.28.00-v2)
    - RCTRequired (= 0.68.4)
    - RCTTypeSafety (= 0.68.4)
    - React-Core (= 0.68.4)
    - React-jsi (= 0.68.4)
    - ReactCommon/turbomodule/core (= 0.68.4)
  - Flipper (0.162.0):
    - Flipper-Folly (~> 2.6)
  - Flipper-Boost-iOSX (1.76.0.1.11)
  - Flipper-DoubleConversion (3.2.0)
  - Flipper-Fmt (7.1.7)
  - Flipper-Folly (2.6.10):
    - Flipper-Boost-iOSX
    - Flipper-DoubleConversion
    - Flipper-Fmt (= 7.1.7)
    - Flipper-Glog
    - libevent (~> 2.1.12)
    - OpenSSL-Universal (= 1.1.1100)
  - Flipper-Glog (0.5.0.4)
  - Flipper-PeerTalk (0.0.4)
  - Flipper-RSocket (1.4.3):
    - Flipper-Folly (~> 2.6)
  - FlipperKit (0.162.0):
    - FlipperKit/Core (= 0.162.0)
  - FlipperKit/Core (0.162.0):
    - Flipper (~> 0.162.0)
    - FlipperKit/CppBridge
    - FlipperKit/FBCxxFollyDynamicConvert
    - FlipperKit/FBDefines
    - FlipperKit/FKPortForwarding
    - SocketRocket (~> 0.6.0)
  - FlipperKit/CppBridge (0.162.0):
    - Flipper (~> 0.162.0)
  - FlipperKit/FBCxxFollyDynamicConvert (0.162.0):
    - Flipper-Folly (~> 2.6)
  - FlipperKit/FBDefines (0.162.0)
  - FlipperKit/FKPortForwarding (0.162.0):
    - CocoaAsyncSocket (~> 7.6)
    - Flipper-PeerTalk (~> 0.0.4)
  - FlipperKit/FlipperKitHighlightOverlay (0.162.0)
  - FlipperKit/FlipperKitLayoutHelpers (0.162.0):
    - FlipperKit/Core
    - FlipperKit/FlipperKitHighlightOverlay
    - FlipperKit/FlipperKitLayoutTextSearchable
  - FlipperKit/FlipperKitLayoutIOSDescriptors (0.162.0):
    - FlipperKit/Core
    - FlipperKit/FlipperKitHighlightOverlay
    - FlipperKit/FlipperKitLayoutHelpers
    - YogaKit (~> 1.18)
  - FlipperKit/FlipperKitLayoutPlugin (0.162.0):
    - FlipperKit/Core
    - FlipperKit/FlipperKitHighlightOverlay
    - FlipperKit/FlipperKitLayoutHelpers
    - FlipperKit/FlipperKitLayoutIOSDescriptors
    - FlipperKit/FlipperKitLayoutTextSearchable
    - YogaKit (~> 1.18)
  - FlipperKit/FlipperKitLayoutTextSearchable (0.162.0)
  - FlipperKit/FlipperKitNetworkPlugin (0.162.0):
    - FlipperKit/Core
  - FlipperKit/FlipperKitReactPlugin (0.162.0):
    - FlipperKit/Core
  - FlipperKit/FlipperKitUserDefaultsPlugin (0.162.0):
    - FlipperKit/Core
  - FlipperKit/SKIOSNetworkPlugin (0.162.0):
    - FlipperKit/Core
    - FlipperKit/FlipperKitNetworkPlugin
  - fmt (6.2.1)
  - glog (0.3.5)
  - hermes-engine (0.11.0)
  - libevent (2.1.12)
  - lottie-ios (3.4.4)
  - lottie-react-native (5.1.4):
    - lottie-ios (~> 3.4.0)
    - React-Core
  - MMKV (1.2.14):
    - MMKVCore (~> 1.2.14)
  - MMKVCore (1.2.14)
  - nodejs-mobile-react-native (0.7.0):
    - React-Core
  - OpenSSL-Universal (1.1.1100)
  - Permission-Camera (3.6.1):
    - RNPermissions
  - RCT-Folly (2021.06.28.00-v2):
    - boost
    - DoubleConversion
    - fmt (~> 6.2.1)
    - glog
    - RCT-Folly/Default (= 2021.06.28.00-v2)
  - RCT-Folly/Default (2021.06.28.00-v2):
    - boost
    - DoubleConversion
    - fmt (~> 6.2.1)
    - glog
  - RCT-Folly/Futures (2021.06.28.00-v2):
    - boost
    - DoubleConversion
    - fmt (~> 6.2.1)
    - glog
    - libevent
  - RCTRequired (0.68.4)
  - RCTTypeSafety (0.68.4):
    - FBLazyVector (= 0.68.4)
    - RCT-Folly (= 2021.06.28.00-v2)
    - RCTRequired (= 0.68.4)
    - React-Core (= 0.68.4)
  - React (0.68.4):
    - React-Core (= 0.68.4)
    - React-Core/DevSupport (= 0.68.4)
    - React-Core/RCTWebSocket (= 0.68.4)
    - React-RCTActionSheet (= 0.68.4)
    - React-RCTAnimation (= 0.68.4)
    - React-RCTBlob (= 0.68.4)
    - React-RCTImage (= 0.68.4)
    - React-RCTLinking (= 0.68.4)
    - React-RCTNetwork (= 0.68.4)
    - React-RCTSettings (= 0.68.4)
    - React-RCTText (= 0.68.4)
    - React-RCTVibration (= 0.68.4)
  - React-callinvoker (0.68.4)
  - React-Codegen (0.68.4):
    - FBReactNativeSpec (= 0.68.4)
    - RCT-Folly (= 2021.06.28.00-v2)
    - RCTRequired (= 0.68.4)
    - RCTTypeSafety (= 0.68.4)
    - React-Core (= 0.68.4)
    - React-jsi (= 0.68.4)
    - React-jsiexecutor (= 0.68.4)
    - ReactCommon/turbomodule/core (= 0.68.4)
  - React-Core (0.68.4):
    - glog
    - RCT-Folly (= 2021.06.28.00-v2)
    - React-Core/Default (= 0.68.4)
    - React-cxxreact (= 0.68.4)
    - React-jsi (= 0.68.4)
    - React-jsiexecutor (= 0.68.4)
    - React-perflogger (= 0.68.4)
    - Yoga
  - React-Core/CoreModulesHeaders (0.68.4):
    - glog
    - RCT-Folly (= 2021.06.28.00-v2)
    - React-Core/Default
    - React-cxxreact (= 0.68.4)
    - React-jsi (= 0.68.4)
    - React-jsiexecutor (= 0.68.4)
    - React-perflogger (= 0.68.4)
    - Yoga
  - React-Core/Default (0.68.4):
    - glog
    - RCT-Folly (= 2021.06.28.00-v2)
    - React-cxxreact (= 0.68.4)
    - React-jsi (= 0.68.4)
    - React-jsiexecutor (= 0.68.4)
    - React-perflogger (= 0.68.4)
    - Yoga
  - React-Core/DevSupport (0.68.4):
    - glog
    - RCT-Folly (= 2021.06.28.00-v2)
    - React-Core/Default (= 0.68.4)
    - React-Core/RCTWebSocket (= 0.68.4)
    - React-cxxreact (= 0.68.4)
    - React-jsi (= 0.68.4)
    - React-jsiexecutor (= 0.68.4)
    - React-jsinspector (= 0.68.4)
    - React-perflogger (= 0.68.4)
    - Yoga
  - React-Core/RCTActionSheetHeaders (0.68.4):
    - glog
    - RCT-Folly (= 2021.06.28.00-v2)
    - React-Core/Default
    - React-cxxreact (= 0.68.4)
    - React-jsi (= 0.68.4)
    - React-jsiexecutor (= 0.68.4)
    - React-perflogger (= 0.68.4)
    - Yoga
  - React-Core/RCTAnimationHeaders (0.68.4):
    - glog
    - RCT-Folly (= 2021.06.28.00-v2)
    - React-Core/Default
    - React-cxxreact (= 0.68.4)
    - React-jsi (= 0.68.4)
    - React-jsiexecutor (= 0.68.4)
    - React-perflogger (= 0.68.4)
    - Yoga
  - React-Core/RCTBlobHeaders (0.68.4):
    - glog
    - RCT-Folly (= 2021.06.28.00-v2)
    - React-Core/Default
    - React-cxxreact (= 0.68.4)
    - React-jsi (= 0.68.4)
    - React-jsiexecutor (= 0.68.4)
    - React-perflogger (= 0.68.4)
    - Yoga
  - React-Core/RCTImageHeaders (0.68.4):
    - glog
    - RCT-Folly (= 2021.06.28.00-v2)
    - React-Core/Default
    - React-cxxreact (= 0.68.4)
    - React-jsi (= 0.68.4)
    - React-jsiexecutor (= 0.68.4)
    - React-perflogger (= 0.68.4)
    - Yoga
  - React-Core/RCTLinkingHeaders (0.68.4):
    - glog
    - RCT-Folly (= 2021.06.28.00-v2)
    - React-Core/Default
    - React-cxxreact (= 0.68.4)
    - React-jsi (= 0.68.4)
    - React-jsiexecutor (= 0.68.4)
    - React-perflogger (= 0.68.4)
    - Yoga
  - React-Core/RCTNetworkHeaders (0.68.4):
    - glog
    - RCT-Folly (= 2021.06.28.00-v2)
    - React-Core/Default
    - React-cxxreact (= 0.68.4)
    - React-jsi (= 0.68.4)
    - React-jsiexecutor (= 0.68.4)
    - React-perflogger (= 0.68.4)
    - Yoga
  - React-Core/RCTSettingsHeaders (0.68.4):
    - glog
    - RCT-Folly (= 2021.06.28.00-v2)
    - React-Core/Default
    - React-cxxreact (= 0.68.4)
    - React-jsi (= 0.68.4)
    - React-jsiexecutor (= 0.68.4)
    - React-perflogger (= 0.68.4)
    - Yoga
  - React-Core/RCTTextHeaders (0.68.4):
    - glog
    - RCT-Folly (= 2021.06.28.00-v2)
    - React-Core/Default
    - React-cxxreact (= 0.68.4)
    - React-jsi (= 0.68.4)
    - React-jsiexecutor (= 0.68.4)
    - React-perflogger (= 0.68.4)
    - Yoga
  - React-Core/RCTVibrationHeaders (0.68.4):
    - glog
    - RCT-Folly (= 2021.06.28.00-v2)
    - React-Core/Default
    - React-cxxreact (= 0.68.4)
    - React-jsi (= 0.68.4)
    - React-jsiexecutor (= 0.68.4)
    - React-perflogger (= 0.68.4)
    - Yoga
  - React-Core/RCTWebSocket (0.68.4):
    - glog
    - RCT-Folly (= 2021.06.28.00-v2)
    - React-Core/Default (= 0.68.4)
    - React-cxxreact (= 0.68.4)
    - React-jsi (= 0.68.4)
    - React-jsiexecutor (= 0.68.4)
    - React-perflogger (= 0.68.4)
    - Yoga
  - React-CoreModules (0.68.4):
    - RCT-Folly (= 2021.06.28.00-v2)
    - RCTTypeSafety (= 0.68.4)
    - React-Codegen (= 0.68.4)
    - React-Core/CoreModulesHeaders (= 0.68.4)
    - React-jsi (= 0.68.4)
    - React-RCTImage (= 0.68.4)
    - ReactCommon/turbomodule/core (= 0.68.4)
  - React-cxxreact (0.68.4):
    - boost (= 1.76.0)
    - DoubleConversion
    - glog
    - RCT-Folly (= 2021.06.28.00-v2)
    - React-callinvoker (= 0.68.4)
    - React-jsi (= 0.68.4)
    - React-jsinspector (= 0.68.4)
    - React-logger (= 0.68.4)
    - React-perflogger (= 0.68.4)
    - React-runtimeexecutor (= 0.68.4)
  - React-hermes (0.68.4):
    - DoubleConversion
    - glog
    - hermes-engine
    - RCT-Folly (= 2021.06.28.00-v2)
    - RCT-Folly/Futures (= 2021.06.28.00-v2)
    - React-cxxreact (= 0.68.4)
    - React-jsi (= 0.68.4)
    - React-jsiexecutor (= 0.68.4)
    - React-jsinspector (= 0.68.4)
    - React-perflogger (= 0.68.4)
  - React-jsi (0.68.4):
    - boost (= 1.76.0)
    - DoubleConversion
    - glog
    - RCT-Folly (= 2021.06.28.00-v2)
    - React-jsi/Default (= 0.68.4)
  - React-jsi/Default (0.68.4):
    - boost (= 1.76.0)
    - DoubleConversion
    - glog
    - RCT-Folly (= 2021.06.28.00-v2)
  - React-jsiexecutor (0.68.4):
    - DoubleConversion
    - glog
    - RCT-Folly (= 2021.06.28.00-v2)
    - React-cxxreact (= 0.68.4)
    - React-jsi (= 0.68.4)
    - React-perflogger (= 0.68.4)
  - React-jsinspector (0.68.4)
  - React-logger (0.68.4):
    - glog
  - react-native-biometrics (2.2.2):
    - React
  - react-native-blur (4.2.0):
    - React-Core
  - react-native-document-picker (8.1.1):
    - React-Core
  - react-native-flipper (0.162.0):
    - React-Core
  - react-native-image-picker (4.10.0):
    - React-Core
  - react-native-ldk (0.0.76):
    - React
  - react-native-libsodium (0.0.1):
    - React-Core
  - react-native-mmkv (2.4.3):
    - MMKV (>= 1.2.13)
    - React-Core
  - react-native-netinfo (8.3.1):
    - React-Core
  - react-native-randombytes (3.6.1):
    - React-Core
  - react-native-restart (0.0.24):
    - React-Core
  - react-native-safe-area-context (4.3.3):
    - RCT-Folly
    - RCTRequired
    - RCTTypeSafety
    - React-Core
    - ReactCommon/turbomodule/core
  - react-native-skia (0.1.141):
    - React
    - React-callinvoker
    - React-Core
    - react-native-skia/Api (= 0.1.141)
    - react-native-skia/Jsi (= 0.1.141)
    - react-native-skia/RNSkia (= 0.1.141)
    - react-native-skia/SkiaHeaders (= 0.1.141)
    - react-native-skia/Utils (= 0.1.141)
  - react-native-skia/Api (0.1.141):
    - React
    - React-callinvoker
    - React-Core
  - react-native-skia/Jsi (0.1.141):
    - React
    - React-callinvoker
    - React-Core
  - react-native-skia/RNSkia (0.1.141):
    - React
    - React-callinvoker
    - React-Core
  - react-native-skia/SkiaHeaders (0.1.141):
    - React
    - React-callinvoker
    - React-Core
  - react-native-skia/Utils (0.1.141):
    - React
    - React-callinvoker
    - React-Core
  - react-native-tcp-socket (5.6.2):
    - CocoaAsyncSocket
    - React-Core
  - React-perflogger (0.68.4)
  - React-RCTActionSheet (0.68.4):
    - React-Core/RCTActionSheetHeaders (= 0.68.4)
  - React-RCTAnimation (0.68.4):
    - RCT-Folly (= 2021.06.28.00-v2)
    - RCTTypeSafety (= 0.68.4)
    - React-Codegen (= 0.68.4)
    - React-Core/RCTAnimationHeaders (= 0.68.4)
    - React-jsi (= 0.68.4)
    - ReactCommon/turbomodule/core (= 0.68.4)
  - React-RCTBlob (0.68.4):
    - RCT-Folly (= 2021.06.28.00-v2)
    - React-Codegen (= 0.68.4)
    - React-Core/RCTBlobHeaders (= 0.68.4)
    - React-Core/RCTWebSocket (= 0.68.4)
    - React-jsi (= 0.68.4)
    - React-RCTNetwork (= 0.68.4)
    - ReactCommon/turbomodule/core (= 0.68.4)
  - React-RCTImage (0.68.4):
    - RCT-Folly (= 2021.06.28.00-v2)
    - RCTTypeSafety (= 0.68.4)
    - React-Codegen (= 0.68.4)
    - React-Core/RCTImageHeaders (= 0.68.4)
    - React-jsi (= 0.68.4)
    - React-RCTNetwork (= 0.68.4)
    - ReactCommon/turbomodule/core (= 0.68.4)
  - React-RCTLinking (0.68.4):
    - React-Codegen (= 0.68.4)
    - React-Core/RCTLinkingHeaders (= 0.68.4)
    - React-jsi (= 0.68.4)
    - ReactCommon/turbomodule/core (= 0.68.4)
  - React-RCTNetwork (0.68.4):
    - RCT-Folly (= 2021.06.28.00-v2)
    - RCTTypeSafety (= 0.68.4)
    - React-Codegen (= 0.68.4)
    - React-Core/RCTNetworkHeaders (= 0.68.4)
    - React-jsi (= 0.68.4)
    - ReactCommon/turbomodule/core (= 0.68.4)
  - React-RCTSettings (0.68.4):
    - RCT-Folly (= 2021.06.28.00-v2)
    - RCTTypeSafety (= 0.68.4)
    - React-Codegen (= 0.68.4)
    - React-Core/RCTSettingsHeaders (= 0.68.4)
    - React-jsi (= 0.68.4)
    - ReactCommon/turbomodule/core (= 0.68.4)
  - React-RCTText (0.68.4):
    - React-Core/RCTTextHeaders (= 0.68.4)
  - React-RCTVibration (0.68.4):
    - RCT-Folly (= 2021.06.28.00-v2)
    - React-Codegen (= 0.68.4)
    - React-Core/RCTVibrationHeaders (= 0.68.4)
    - React-jsi (= 0.68.4)
    - ReactCommon/turbomodule/core (= 0.68.4)
  - React-runtimeexecutor (0.68.4):
    - React-jsi (= 0.68.4)
  - ReactCommon/turbomodule/core (0.68.4):
    - DoubleConversion
    - glog
    - RCT-Folly (= 2021.06.28.00-v2)
    - React-callinvoker (= 0.68.4)
    - React-Core (= 0.68.4)
    - React-cxxreact (= 0.68.4)
    - React-jsi (= 0.68.4)
    - React-logger (= 0.68.4)
    - React-perflogger (= 0.68.4)
  - ReactNativeCameraKit (14.0.0-beta2):
    - React-Core
  - RNCClipboard (1.11.0):
    - React-Core
  - RNDeviceInfo (10.3.0):
    - React-Core
  - RNFS (2.20.0):
    - React-Core
  - RNGestureHandler (2.6.0):
    - React-Core
  - RNKeychain (8.1.1):
    - React-Core
  - RNPermissions (3.6.1):
    - React-Core
  - RNQrGenerator (1.2.0):
    - React
    - ZXingObjC
  - RNRate (1.2.9):
    - React-Core
  - RNReactNativeHapticFeedback (1.14.0):
    - React-Core
  - RNReanimated (2.12.0):
    - DoubleConversion
    - FBLazyVector
    - FBReactNativeSpec
    - glog
    - RCT-Folly
    - RCTRequired
    - RCTTypeSafety
    - React-callinvoker
    - React-Core
    - React-Core/DevSupport
    - React-Core/RCTWebSocket
    - React-CoreModules
    - React-cxxreact
    - React-jsi
    - React-jsiexecutor
    - React-jsinspector
    - React-RCTActionSheet
    - React-RCTAnimation
    - React-RCTBlob
    - React-RCTImage
    - React-RCTLinking
    - React-RCTNetwork
    - React-RCTSettings
    - React-RCTText
    - ReactCommon/turbomodule/core
    - Yoga
  - RNScreens (3.18.2):
    - React-Core
    - React-RCTImage
  - RNShare (7.9.0):
    - React-Core
  - RNSVG (12.4.4):
    - React-Core
  - RNVectorIcons (9.2.0):
    - React-Core
  - RNZipArchive (6.0.8):
    - React-Core
    - RNZipArchive/Core (= 6.0.8)
    - SSZipArchive (= 2.2.3)
  - RNZipArchive/Core (6.0.8):
    - React-Core
    - SSZipArchive (= 2.2.3)
  - SocketRocket (0.6.0)
  - SSZipArchive (2.2.3)
  - TouchID (4.4.1):
    - React
  - Yoga (1.14.0)
  - YogaKit (1.18.1):
    - Yoga (~> 1.14)
  - ZXingObjC (3.6.5):
    - ZXingObjC/All (= 3.6.5)
  - ZXingObjC/All (3.6.5)

DEPENDENCIES:
  - boost (from `../node_modules/react-native/third-party-podspecs/boost.podspec`)
  - DoubleConversion (from `../node_modules/react-native/third-party-podspecs/DoubleConversion.podspec`)
  - FBLazyVector (from `../node_modules/react-native/Libraries/FBLazyVector`)
  - FBReactNativeSpec (from `../node_modules/react-native/React/FBReactNativeSpec`)
  - Flipper (= 0.162.0)
  - Flipper-Boost-iOSX (= 1.76.0.1.11)
  - Flipper-DoubleConversion (= 3.2.0)
  - Flipper-Fmt (= 7.1.7)
  - Flipper-Folly (= 2.6.10)
  - Flipper-Glog (= 0.5.0.4)
  - Flipper-PeerTalk (= 0.0.4)
  - Flipper-RSocket (= 1.4.3)
  - FlipperKit (= 0.162.0)
  - FlipperKit/Core (= 0.162.0)
  - FlipperKit/CppBridge (= 0.162.0)
  - FlipperKit/FBCxxFollyDynamicConvert (= 0.162.0)
  - FlipperKit/FBDefines (= 0.162.0)
  - FlipperKit/FKPortForwarding (= 0.162.0)
  - FlipperKit/FlipperKitHighlightOverlay (= 0.162.0)
  - FlipperKit/FlipperKitLayoutPlugin (= 0.162.0)
  - FlipperKit/FlipperKitLayoutTextSearchable (= 0.162.0)
  - FlipperKit/FlipperKitNetworkPlugin (= 0.162.0)
  - FlipperKit/FlipperKitReactPlugin (= 0.162.0)
  - FlipperKit/FlipperKitUserDefaultsPlugin (= 0.162.0)
  - FlipperKit/SKIOSNetworkPlugin (= 0.162.0)
  - glog (from `../node_modules/react-native/third-party-podspecs/glog.podspec`)
  - hermes-engine (~> 0.11.0)
  - libevent (~> 2.1.12)
  - lottie-react-native (from `../node_modules/lottie-react-native`)
  - nodejs-mobile-react-native (from `../node_modules/nodejs-mobile-react-native`)
  - OpenSSL-Universal (= 1.1.1100)
  - Permission-Camera (from `../node_modules/react-native-permissions/ios/Camera`)
  - RCT-Folly (from `../node_modules/react-native/third-party-podspecs/RCT-Folly.podspec`)
  - RCTRequired (from `../node_modules/react-native/Libraries/RCTRequired`)
  - RCTTypeSafety (from `../node_modules/react-native/Libraries/TypeSafety`)
  - React (from `../node_modules/react-native/`)
  - React-callinvoker (from `../node_modules/react-native/ReactCommon/callinvoker`)
  - React-Codegen (from `build/generated/ios`)
  - React-Core (from `../node_modules/react-native/`)
  - React-Core/DevSupport (from `../node_modules/react-native/`)
  - React-Core/RCTWebSocket (from `../node_modules/react-native/`)
  - React-CoreModules (from `../node_modules/react-native/React/CoreModules`)
  - React-cxxreact (from `../node_modules/react-native/ReactCommon/cxxreact`)
  - React-hermes (from `../node_modules/react-native/ReactCommon/hermes`)
  - React-jsi (from `../node_modules/react-native/ReactCommon/jsi`)
  - React-jsiexecutor (from `../node_modules/react-native/ReactCommon/jsiexecutor`)
  - React-jsinspector (from `../node_modules/react-native/ReactCommon/jsinspector`)
  - React-logger (from `../node_modules/react-native/ReactCommon/logger`)
  - react-native-biometrics (from `../node_modules/react-native-biometrics`)
  - "react-native-blur (from `../node_modules/@react-native-community/blur`)"
  - react-native-document-picker (from `../node_modules/react-native-document-picker`)
  - react-native-flipper (from `../node_modules/react-native-flipper`)
  - react-native-image-picker (from `../node_modules/react-native-image-picker`)
  - "react-native-ldk (from `../node_modules/@synonymdev/react-native-ldk`)"
  - react-native-libsodium (from `../node_modules/react-native-libsodium`)
  - react-native-mmkv (from `../node_modules/react-native-mmkv`)
  - "react-native-netinfo (from `../node_modules/@react-native-community/netinfo`)"
  - react-native-randombytes (from `../node_modules/react-native-randombytes`)
  - react-native-restart (from `../node_modules/react-native-restart`)
  - react-native-safe-area-context (from `../node_modules/react-native-safe-area-context`)
  - "react-native-skia (from `../node_modules/@shopify/react-native-skia`)"
  - react-native-tcp-socket (from `../node_modules/react-native-tcp-socket`)
  - React-perflogger (from `../node_modules/react-native/ReactCommon/reactperflogger`)
  - React-RCTActionSheet (from `../node_modules/react-native/Libraries/ActionSheetIOS`)
  - React-RCTAnimation (from `../node_modules/react-native/Libraries/NativeAnimation`)
  - React-RCTBlob (from `../node_modules/react-native/Libraries/Blob`)
  - React-RCTImage (from `../node_modules/react-native/Libraries/Image`)
  - React-RCTLinking (from `../node_modules/react-native/Libraries/LinkingIOS`)
  - React-RCTNetwork (from `../node_modules/react-native/Libraries/Network`)
  - React-RCTSettings (from `../node_modules/react-native/Libraries/Settings`)
  - React-RCTText (from `../node_modules/react-native/Libraries/Text`)
  - React-RCTVibration (from `../node_modules/react-native/Libraries/Vibration`)
  - React-runtimeexecutor (from `../node_modules/react-native/ReactCommon/runtimeexecutor`)
  - ReactCommon/turbomodule/core (from `../node_modules/react-native/ReactCommon`)
  - ReactNativeCameraKit (from `../node_modules/react-native-camera-kit`)
  - "RNCClipboard (from `../node_modules/@react-native-clipboard/clipboard`)"
  - RNDeviceInfo (from `../node_modules/react-native-device-info`)
  - RNFS (from `../node_modules/react-native-fs`)
  - RNGestureHandler (from `../node_modules/react-native-gesture-handler`)
  - RNKeychain (from `../node_modules/react-native-keychain`)
  - RNPermissions (from `../node_modules/react-native-permissions`)
  - RNQrGenerator (from `../node_modules/rn-qr-generator`)
  - RNRate (from `../node_modules/react-native-rate`)
  - RNReactNativeHapticFeedback (from `../node_modules/react-native-haptic-feedback`)
  - RNReanimated (from `../node_modules/react-native-reanimated`)
  - RNScreens (from `../node_modules/react-native-screens`)
  - RNShare (from `../node_modules/react-native-share`)
  - RNSVG (from `../node_modules/react-native-svg`)
  - RNVectorIcons (from `../node_modules/react-native-vector-icons`)
  - RNZipArchive (from `../node_modules/react-native-zip-archive`)
  - TouchID (from `../node_modules/react-native-touch-id`)
  - Yoga (from `../node_modules/react-native/ReactCommon/yoga`)

SPEC REPOS:
  trunk:
    - CocoaAsyncSocket
    - Flipper
    - Flipper-Boost-iOSX
    - Flipper-DoubleConversion
    - Flipper-Fmt
    - Flipper-Folly
    - Flipper-Glog
    - Flipper-PeerTalk
    - Flipper-RSocket
    - FlipperKit
    - fmt
    - hermes-engine
    - libevent
    - lottie-ios
    - MMKV
    - MMKVCore
    - OpenSSL-Universal
    - SocketRocket
    - SSZipArchive
    - YogaKit
    - ZXingObjC

EXTERNAL SOURCES:
  boost:
    :podspec: "../node_modules/react-native/third-party-podspecs/boost.podspec"
  DoubleConversion:
    :podspec: "../node_modules/react-native/third-party-podspecs/DoubleConversion.podspec"
  FBLazyVector:
    :path: "../node_modules/react-native/Libraries/FBLazyVector"
  FBReactNativeSpec:
    :path: "../node_modules/react-native/React/FBReactNativeSpec"
  glog:
    :podspec: "../node_modules/react-native/third-party-podspecs/glog.podspec"
  lottie-react-native:
    :path: "../node_modules/lottie-react-native"
  nodejs-mobile-react-native:
    :path: "../node_modules/nodejs-mobile-react-native"
  Permission-Camera:
    :path: "../node_modules/react-native-permissions/ios/Camera"
  RCT-Folly:
    :podspec: "../node_modules/react-native/third-party-podspecs/RCT-Folly.podspec"
  RCTRequired:
    :path: "../node_modules/react-native/Libraries/RCTRequired"
  RCTTypeSafety:
    :path: "../node_modules/react-native/Libraries/TypeSafety"
  React:
    :path: "../node_modules/react-native/"
  React-callinvoker:
    :path: "../node_modules/react-native/ReactCommon/callinvoker"
  React-Codegen:
    :path: build/generated/ios
  React-Core:
    :path: "../node_modules/react-native/"
  React-CoreModules:
    :path: "../node_modules/react-native/React/CoreModules"
  React-cxxreact:
    :path: "../node_modules/react-native/ReactCommon/cxxreact"
  React-hermes:
    :path: "../node_modules/react-native/ReactCommon/hermes"
  React-jsi:
    :path: "../node_modules/react-native/ReactCommon/jsi"
  React-jsiexecutor:
    :path: "../node_modules/react-native/ReactCommon/jsiexecutor"
  React-jsinspector:
    :path: "../node_modules/react-native/ReactCommon/jsinspector"
  React-logger:
    :path: "../node_modules/react-native/ReactCommon/logger"
  react-native-biometrics:
    :path: "../node_modules/react-native-biometrics"
  react-native-blur:
    :path: "../node_modules/@react-native-community/blur"
  react-native-document-picker:
    :path: "../node_modules/react-native-document-picker"
  react-native-flipper:
    :path: "../node_modules/react-native-flipper"
  react-native-image-picker:
    :path: "../node_modules/react-native-image-picker"
  react-native-ldk:
    :path: "../node_modules/@synonymdev/react-native-ldk"
  react-native-libsodium:
    :path: "../node_modules/react-native-libsodium"
  react-native-mmkv:
    :path: "../node_modules/react-native-mmkv"
  react-native-netinfo:
    :path: "../node_modules/@react-native-community/netinfo"
  react-native-randombytes:
    :path: "../node_modules/react-native-randombytes"
  react-native-restart:
    :path: "../node_modules/react-native-restart"
  react-native-safe-area-context:
    :path: "../node_modules/react-native-safe-area-context"
  react-native-skia:
    :path: "../node_modules/@shopify/react-native-skia"
  react-native-tcp-socket:
    :path: "../node_modules/react-native-tcp-socket"
  React-perflogger:
    :path: "../node_modules/react-native/ReactCommon/reactperflogger"
  React-RCTActionSheet:
    :path: "../node_modules/react-native/Libraries/ActionSheetIOS"
  React-RCTAnimation:
    :path: "../node_modules/react-native/Libraries/NativeAnimation"
  React-RCTBlob:
    :path: "../node_modules/react-native/Libraries/Blob"
  React-RCTImage:
    :path: "../node_modules/react-native/Libraries/Image"
  React-RCTLinking:
    :path: "../node_modules/react-native/Libraries/LinkingIOS"
  React-RCTNetwork:
    :path: "../node_modules/react-native/Libraries/Network"
  React-RCTSettings:
    :path: "../node_modules/react-native/Libraries/Settings"
  React-RCTText:
    :path: "../node_modules/react-native/Libraries/Text"
  React-RCTVibration:
    :path: "../node_modules/react-native/Libraries/Vibration"
  React-runtimeexecutor:
    :path: "../node_modules/react-native/ReactCommon/runtimeexecutor"
  ReactCommon:
    :path: "../node_modules/react-native/ReactCommon"
  ReactNativeCameraKit:
    :path: "../node_modules/react-native-camera-kit"
  RNCClipboard:
    :path: "../node_modules/@react-native-clipboard/clipboard"
  RNDeviceInfo:
    :path: "../node_modules/react-native-device-info"
  RNFS:
    :path: "../node_modules/react-native-fs"
  RNGestureHandler:
    :path: "../node_modules/react-native-gesture-handler"
  RNKeychain:
    :path: "../node_modules/react-native-keychain"
  RNPermissions:
    :path: "../node_modules/react-native-permissions"
  RNQrGenerator:
    :path: "../node_modules/rn-qr-generator"
  RNRate:
    :path: "../node_modules/react-native-rate"
  RNReactNativeHapticFeedback:
    :path: "../node_modules/react-native-haptic-feedback"
  RNReanimated:
    :path: "../node_modules/react-native-reanimated"
  RNScreens:
    :path: "../node_modules/react-native-screens"
  RNShare:
    :path: "../node_modules/react-native-share"
  RNSVG:
    :path: "../node_modules/react-native-svg"
  RNVectorIcons:
    :path: "../node_modules/react-native-vector-icons"
  RNZipArchive:
    :path: "../node_modules/react-native-zip-archive"
  TouchID:
    :path: "../node_modules/react-native-touch-id"
  Yoga:
    :path: "../node_modules/react-native/ReactCommon/yoga"

SPEC CHECKSUMS:
  boost: a7c83b31436843459a1961bfd74b96033dc77234
  CocoaAsyncSocket: 065fd1e645c7abab64f7a6a2007a48038fdc6a99
  DoubleConversion: 5189b271737e1565bdce30deb4a08d647e3f5f54
  FBLazyVector: 023a2028f218d648b588348bfa9261b4914b93db
  FBReactNativeSpec: 9f4902cc009389d3704ff75de2aa513dee34d5c2
  Flipper: 1cdd72ffa916071754a41e9684fb9bcaa4b690bf
  Flipper-Boost-iOSX: fd1e2b8cbef7e662a122412d7ac5f5bea715403c
  Flipper-DoubleConversion: 3d3d04a078d4f3a1b6c6916587f159dc11f232c4
  Flipper-Fmt: 60cbdd92fc254826e61d669a5d87ef7015396a9b
  Flipper-Folly: 584845625005ff068a6ebf41f857f468decd26b3
  Flipper-Glog: 87bc98ff48de90cb5b0b5114ed3da79d85ee2dd4
  Flipper-PeerTalk: 116d8f857dc6ef55c7a5a75ea3ceaafe878aadc9
  Flipper-RSocket: d9d9ade67cbecf6ac10730304bf5607266dd2541
  FlipperKit: 87dd306eef9927220672f98266e68bdab6c7cd69
  fmt: ff9d55029c625d3757ed641535fd4a75fedc7ce9
  glog: 04b94705f318337d7ead9e6d17c019bd9b1f6b1b
  hermes-engine: 84e3af1ea01dd7351ac5d8689cbbea1f9903ffc3
  libevent: 4049cae6c81cdb3654a443be001fb9bdceff7913
  lottie-ios: 8f97d3271e155c2d688875c29cd3c74908aef5f8
  lottie-react-native: b702fab740cdb952a8e2354713d3beda63ff97b0
  MMKV: 9c4663aa7ca255d478ff10f2f5cb7d17c1651ccd
  MMKVCore: 89f5c8a66bba2dcd551779dea4d412eeec8ff5bb
  nodejs-mobile-react-native: a30e24f07200254c0a3536be3a9f09c512610f6a
  OpenSSL-Universal: ebc357f1e6bc71fa463ccb2fe676756aff50e88c
  Permission-Camera: bf6791b17c7f614b6826019fcfdcc286d3a107f6
  RCT-Folly: 4d8508a426467c48885f1151029bc15fa5d7b3b8
  RCTRequired: e6003505912d056f21f64465063cf4b79418f2b9
  RCTTypeSafety: d7ef4745c8d9c9faa65c26b4b6230fc5cd4c4424
  React: 6692c30fb74ab29078b25c31c9841d863e08cdd9
  React-callinvoker: fe2b234fa518d8bb7600707c536ab0a3e1f5edba
  React-Codegen: 9964bb2422c7014894182ac50068caae05f68551
  React-Core: a07bcd2f15ff93cddc9ceb07eddeec3d2ff8d990
  React-CoreModules: 7fb4ee0fc35ad2b7daf775f0ef6309efdd8d3d82
  React-cxxreact: 51a8058a35a2f02ad4175334a7cd24aa5558ced4
  React-hermes: 367d4d5be9907c7a59a8f490129960c8494de78c
  React-jsi: 69b974b418d2658a3f1799903be7cbcb8ac59755
  React-jsiexecutor: 4f35a29798ba9d0d892a84001d11f626688dbb8e
  React-jsinspector: 6f75220cd4b6020976d340ab21c63458dd3cad9e
  React-logger: 7013d2499df6346e6a72802d4084badaaa82543b
  react-native-biometrics: 4aec6978534944b5f830b9c3489b721c906ea70b
  react-native-blur: 3e9c8e8e9f7d17fa1b94e1a0ae9fd816675f5382
  react-native-document-picker: f68191637788994baed5f57d12994aa32cf8bf88
  react-native-flipper: 7eeb9b59b667dd0619372c7349cf7c78032d1de2
  react-native-image-picker: 4bc9ed38c8be255b515d8c88babbaf74973f91a8
  react-native-ldk: e042f888d7fa13cbbdde1a57fc0226867b7a15a1
  react-native-libsodium: f4eba037c4ddf73f86b08075452cacb957256147
  react-native-mmkv: 1265a348a4711097ba29c8bcefd5971f48220f2b
  react-native-netinfo: 1a6035d3b9780221d407c277ebfb5722ace00658
  react-native-randombytes: 421f1c7d48c0af8dbcd471b0324393ebf8fe7846
  react-native-restart: 45c8dca02491980f2958595333cbccd6877cb57e
  react-native-safe-area-context: b456e1c40ec86f5593d58b275bd0e9603169daca
  react-native-skia: 0bd524b32fb96b4f7b7ceeddd90b7be14e64701d
  react-native-tcp-socket: c1b7297619616b4c9caae6889bcb0aba78086989
  React-perflogger: 0b0500685176e53ea582c45179a653aa82e4ae49
  React-RCTActionSheet: 38469be9d20242f9c717e43c2983e8e3e6c640c4
  React-RCTAnimation: 93774f3e8857e7c3c1cbbd277056d02be4496be1
  React-RCTBlob: 6d0567d7a6561b62feb8c3b1cc33b3c591ba85ab
  React-RCTImage: 1006a91318a6181a0256b89d2e321b6ea0e2e6e3
  React-RCTLinking: 0b2300493c879c3bcac2d4c6b0178e8d0e5e2202
  React-RCTNetwork: b9a33a95703651abed92490e50396d54b7270a17
  React-RCTSettings: e6464123e5b5062fc23bb5adb51188a6061e9601
  React-RCTText: 188d6f0ae20cd28891f59ecad41028ee2f793757
  React-RCTVibration: a67beb7d2f3c73e9b74c4124ef61b84c601be649
  React-runtimeexecutor: 088723cf020113e64736a709f52719dbb359c73e
  ReactCommon: 1a4f19f3b4366feec03a98bdbb200b6085c5000f
  ReactNativeCameraKit: 32e04877e57e0eeab26e45817e3fd532e7d302fb
  RNCClipboard: 4b8bec7c195e27bcec746f52dff7601161683249
  RNDeviceInfo: 4701f0bf2a06b34654745053db0ce4cb0c53ada7
  RNFS: 4ac0f0ea233904cb798630b3c077808c06931688
  RNGestureHandler: 920eb17f5b1e15dae6e5ed1904045f8f90e0b11e
  RNKeychain: ff836453cba46938e0e9e4c22e43d43fa2c90333
  RNPermissions: dcdb7b99796bbeda6975a6e79ad519c41b251b1c
  RNQrGenerator: 34beaf1996de4a2f2122c7019dccd1717b22d8d7
  RNRate: 94f57c773e155ca0d0aeeba9c10a32bce9030daf
  RNReactNativeHapticFeedback: 1e3efeca9628ff9876ee7cdd9edec1b336913f8c
  RNReanimated: 0ff5e7f619a7524d237848ecb4c47650c4946f71
  RNScreens: 34cc502acf1b916c582c60003dc3089fa01dc66d
  RNShare: be91a5c149585affb02c25b351bd07ba927c7006
  RNSVG: ecd661f380a07ba690c9c5929c475a44f432d674
  RNVectorIcons: fcc2f6cb32f5735b586e66d14103a74ce6ad61f8
  RNZipArchive: 3f89b114cfeb89dac027fc5c7afd7e58d3dc4ebf
  SocketRocket: fccef3f9c5cedea1353a9ef6ada904fde10d6608
  SSZipArchive: 62d4947b08730e4cda640473b0066d209ff033c9
  TouchID: ba4c656d849cceabc2e4eef722dea5e55959ecf4
  Yoga: c926c8eec5c78a788b51e6c8a604825d00d694d7
  YogaKit: f782866e155069a2cca2517aafea43200b01fd5a
  ZXingObjC: fdbb269f25dd2032da343e06f10224d62f537bdb

PODFILE CHECKSUM: 784c6e02c28154c0549ad3a940a4c2d528699d0d

COCOAPODS: 1.11.3
